
Microsoft Visual Studio Solution File, Format Version 12.00
# Visual Studio Version 16
VisualStudioVersion = 16.0.31702.278
MinimumVisualStudioVersion = 10.0.40219.1
Project("{FAE04EC0-301F-11D3-BF4B-00C04F79EFBC}") = "StronglyTypeViewDemo", "StronglyTypeViewDemo\StronglyTypeViewDemo.csproj", "{705ED207-0461-4A98-B60E-05EAEC5D59B6}"
EndProject
Global
	GlobalSection(SolutionConfigurationPlatforms) = preSolution
		Debug|Any CPU = Debug|Any CPU
		Release|Any CPU = Release|Any CPU
	EndGlobalSection
	GlobalSection(ProjectConfigurationPlatforms) = postSolution
		{705ED207-0461-4A98-B60E-05EAEC5D59B6}.Debug|Any CPU.ActiveCfg = Debug|Any CPU
		{705ED207-0461-4A98-B60E-05EAEC5D59B6}.Debug|Any CPU.Build.0 = Debug|Any CPU
		{705ED207-0461-4A98-B60E-05EAEC5D59B6}.Release|Any CPU.ActiveCfg = Release|Any CPU
		{705ED207-0461-4A98-B60E-05EAEC5D59B6}.Release|Any CPU.Build.0 = Release|Any CPU
	EndGlobalSection
	GlobalSection(SolutionProperties) = preSolution
		HideSolutionNode = FALSE
	EndGlobalSection
	GlobalSection(ExtensibilityGlobals) = postSolution
		SolutionGuid = {50D33992-E923-4EDD-AFF8-19D0CD5BD9BA}
	EndGlobalSection
EndGlobal
